
Microsoft Visual Studio Solution File, Format Version 12.00
# Visual Studio 14
VisualStudioVersion = 14.0.25420.1
MinimumVisualStudioVersion = 10.0.40219.1
Project("{FAE04EC0-301F-11D3-BF4B-00C04F79EFBC}") = "RomanNumerals", "RomanNumerals\RomanNumerals.csproj", "{1322E408-2BD4-4D36-AFA8-C9068571BAF4}"
EndProject
Project("{FAE04EC0-301F-11D3-BF4B-00C04F79EFBC}") = "RomanNumeralsTest", "RomanNumeralsTest\RomanNumeralsTest.csproj", "{42EC3932-B1AB-4BAF-8C35-599DA2056EA6}"
EndProject
Global
	GlobalSection(SolutionConfigurationPlatforms) = preSolution
		Debug|Any CPU = Debug|Any CPU
		Release|Any CPU = Release|Any CPU
	EndGlobalSection
	GlobalSection(ProjectConfigurationPlatforms) = postSolution
		{1322E408-2BD4-4D36-AFA8-C9068571BAF4}.Debug|Any CPU.ActiveCfg = Debug|Any CPU
		{1322E408-2BD4-4D36-AFA8-C9068571BAF4}.Debug|Any CPU.Build.0 = Debug|Any CPU
		{1322E408-2BD4-4D36-AFA8-C9068571BAF4}.Release|Any CPU.ActiveCfg = Release|Any CPU
		{1322E408-2BD4-4D36-AFA8-C9068571BAF4}.Release|Any CPU.Build.0 = Release|Any CPU
		{42EC3932-B1AB-4BAF-8C35-599DA2056EA6}.Debug|Any CPU.ActiveCfg = Debug|Any CPU
		{42EC3932-B1AB-4BAF-8C35-599DA2056EA6}.Debug|Any CPU.Build.0 = Debug|Any CPU
		{42EC3932-B1AB-4BAF-8C35-599DA2056EA6}.Release|Any CPU.ActiveCfg = Release|Any CPU
		{42EC3932-B1AB-4BAF-8C35-599DA2056EA6}.Release|Any CPU.Build.0 = Release|Any CPU
	EndGlobalSection
	GlobalSection(SolutionProperties) = preSolution
		HideSolutionNode = FALSE
	EndGlobalSection
EndGlobal
